// !$*UTF8*$!
{
	archiveVersion = 1;
	classes = {
	};
	objectVersion = 46;
	objects = {

/* Begin PBXBuildFile section */
		BA61888F1552450F00EFB67E /* ZKLoadMoreCell.m in Sources */ = {isa = PBXBuildFile; fileRef = BA61888E1552450F00EFB67E /* ZKLoadMoreCell.m */; };
		BA6188B01552548C00EFB67E /* MTStatusBarOverlay.m in Sources */ = {isa = PBXBuildFile; fileRef = BA6188AF1552548C00EFB67E /* MTStatusBarOverlay.m */; settings = {COMPILER_FLAGS = "-fobjc-arc"; }; };
		BA6188B81552616400EFB67E /* CMPopTipView.m in Sources */ = {isa = PBXBuildFile; fileRef = BA6188B71552616400EFB67E /* CMPopTipView.m */; };
		BAACFFA215443C6A002CB164 /* ZKItemCell.m in Sources */ = {isa = PBXBuildFile; fileRef = BAACFFA115443C6A002CB164 /* ZKItemCell.m */; };
		BAACFFA91544448F002CB164 /* ZKMapViewController.m in Sources */ = {isa = PBXBuildFile; fileRef = BAACFFA81544448F002CB164 /* ZKMapViewController.m */; };
		BAACFFAB154445D7002CB164 /* MapKit.framework in Frameworks */ = {isa = PBXBuildFile; fileRef = BAACFFAA154445D7002CB164 /* MapKit.framework */; };
		BAACFFAF154455D6002CB164 /* ZKPublishViewController.m in Sources */ = {isa = PBXBuildFile; fileRef = BAACFFAE154455D6002CB164 /* ZKPublishViewController.m */; };
		BAE3FF1715459AD600B938CC /* bg-addbutton.png in Resources */ = {isa = PBXBuildFile; fileRef = BAE3FF1615459AD600B938CC /* bg-addbutton.png */; };
		BAE3FF1B1545A1A300B938CC /* UIView+UIView_SeeSubviews.m in Sources */ = {isa = PBXBuildFile; fileRef = BAE3FF1A1545A1A300B938CC /* UIView+UIView_SeeSubviews.m */; };
		BAE3FF221545B0BF00B938CC /* ZKItemCellText.m in Sources */ = {isa = PBXBuildFile; fileRef = BAE3FF211545B0BF00B938CC /* ZKItemCellText.m */; };
		BAE6D6061543C445003DEC3C /* UIKit.framework in Frameworks */ = {isa = PBXBuildFile; fileRef = BAE6D6051543C445003DEC3C /* UIKit.framework */; };
		BAE6D6081543C445003DEC3C /* Foundation.framework in Frameworks */ = {isa = PBXBuildFile; fileRef = BAE6D6071543C445003DEC3C /* Foundation.framework */; };
		BAE6D60A1543C445003DEC3C /* CoreGraphics.framework in Frameworks */ = {isa = PBXBuildFile; fileRef = BAE6D6091543C445003DEC3C /* CoreGraphics.framework */; };
		BAE6D6101543C445003DEC3C /* InfoPlist.strings in Resources */ = {isa = PBXBuildFile; fileRef = BAE6D60E1543C445003DEC3C /* InfoPlist.strings */; };
		BAE6D6121543C445003DEC3C /* main.m in Sources */ = {isa = PBXBuildFile; fileRef = BAE6D6111543C445003DEC3C /* main.m */; };
		BAE6D6161543C445003DEC3C /* AppDelegate.m in Sources */ = {isa = PBXBuildFile; fileRef = BAE6D6151543C445003DEC3C /* AppDelegate.m */; };
		BAE6D6241543CBFA003DEC3C /* ZKMainViewController.m in Sources */ = {isa = PBXBuildFile; fileRef = BAE6D6231543CBFA003DEC3C /* ZKMainViewController.m */; };
		BAE7BB9E1545452900D054D0 /* ZKExploreViewController.m in Sources */ = {isa = PBXBuildFile; fileRef = BAE7BB9D1545452900D054D0 /* ZKExploreViewController.m */; };
		BAEE873015610515001E036D /* ZKDialogCell.m in Sources */ = {isa = PBXBuildFile; fileRef = BAEE872F15610515001E036D /* ZKDialogCell.m */; };
		BAEE87341561152D001E036D /* NSString+lines.m in Sources */ = {isa = PBXBuildFile; fileRef = BAEE87331561152D001E036D /* NSString+lines.m */; };
		BAEE873715611641001E036D /* NSString+composing.m in Sources */ = {isa = PBXBuildFile; fileRef = BAEE873615611641001E036D /* NSString+composing.m */; };
		BAEE873A15612494001E036D /* Composing.m in Sources */ = {isa = PBXBuildFile; fileRef = BAEE873915612494001E036D /* Composing.m */; };
/* End PBXBuildFile section */

/* Begin PBXFileReference section */
		BA61888D1552450F00EFB67E /* ZKLoadMoreCell.h */ = {isa = PBXFileReference; fileEncoding = 4; lastKnownFileType = sourcecode.c.h; path = ZKLoadMoreCell.h; sourceTree = "<group>"; };
		BA61888E1552450F00EFB67E /* ZKLoadMoreCell.m */ = {isa = PBXFileReference; fileEncoding = 4; lastKnownFileType = sourcecode.c.objc; path = ZKLoadMoreCell.m; sourceTree = "<group>"; };
		BA6188AE1552548C00EFB67E /* MTStatusBarOverlay.h */ = {isa = PBXFileReference; fileEncoding = 4; lastKnownFileType = sourcecode.c.h; name = MTStatusBarOverlay.h; path = ../../MTStatusBarOverlay/MTStatusBarOverlay.h; sourceTree = "<group>"; };
		BA6188AF1552548C00EFB67E /* MTStatusBarOverlay.m */ = {isa = PBXFileReference; fileEncoding = 4; lastKnownFileType = sourcecode.c.objc; name = MTStatusBarOverlay.m; path = ../../MTStatusBarOverlay/MTStatusBarOverlay.m; sourceTree = "<group>"; };
		BA6188B61552616400EFB67E /* CMPopTipView.h */ = {isa = PBXFileReference; fileEncoding = 4; lastKnownFileType = sourcecode.c.h; name = CMPopTipView.h; path = ../../CMPopTipView/CMPopTipView/CMPopTipView.h; sourceTree = "<group>"; };
		BA6188B71552616400EFB67E /* CMPopTipView.m */ = {isa = PBXFileReference; fileEncoding = 4; lastKnownFileType = sourcecode.c.objc; name = CMPopTipView.m; path = ../../CMPopTipView/CMPopTipView/CMPopTipView.m; sourceTree = "<group>"; };
		BAACFFA015443C6A002CB164 /* ZKItemCell.h */ = {isa = PBXFileReference; fileEncoding = 4; lastKnownFileType = sourcecode.c.h; path = ZKItemCell.h; sourceTree = "<group>"; };
		BAACFFA115443C6A002CB164 /* ZKItemCell.m */ = {isa = PBXFileReference; fileEncoding = 4; lastKnownFileType = sourcecode.c.objc; path = ZKItemCell.m; sourceTree = "<group>"; };
		BAACFFA71544448F002CB164 /* ZKMapViewController.h */ = {isa = PBXFileReference; fileEncoding = 4; lastKnownFileType = sourcecode.c.h; path = ZKMapViewController.h; sourceTree = "<group>"; };
		BAACFFA81544448F002CB164 /* ZKMapViewController.m */ = {isa = PBXFileReference; fileEncoding = 4; lastKnownFileType = sourcecode.c.objc; path = ZKMapViewController.m; sourceTree = "<group>"; };
		BAACFFAA154445D7002CB164 /* MapKit.framework */ = {isa = PBXFileReference; lastKnownFileType = wrapper.framework; name = MapKit.framework; path = System/Library/Frameworks/MapKit.framework; sourceTree = SDKROOT; };
		BAACFFAD154455D6002CB164 /* ZKPublishViewController.h */ = {isa = PBXFileReference; fileEncoding = 4; lastKnownFileType = sourcecode.c.h; path = ZKPublishViewController.h; sourceTree = "<group>"; };
		BAACFFAE154455D6002CB164 /* ZKPublishViewController.m */ = {isa = PBXFileReference; fileEncoding = 4; lastKnownFileType = sourcecode.c.objc; path = ZKPublishViewController.m; sourceTree = "<group>"; };
		BAE3FF1615459AD600B938CC /* bg-addbutton.png */ = {isa = PBXFileReference; lastKnownFileType = image.png; name = "bg-addbutton.png"; path = "../../../web_projects/AwesomeMenu/AwesomeMenu/Images/bg-addbutton.png"; sourceTree = "<group>"; };
		BAE3FF191545A1A300B938CC /* UIView+UIView_SeeSubviews.h */ = {isa = PBXFileReference; fileEncoding = 4; lastKnownFileType = sourcecode.c.h; path = "UIView+UIView_SeeSubviews.h"; sourceTree = "<group>"; };
		BAE3FF1A1545A1A300B938CC /* UIView+UIView_SeeSubviews.m */ = {isa = PBXFileReference; fileEncoding = 4; lastKnownFileType = sourcecode.c.objc; path = "UIView+UIView_SeeSubviews.m"; sourceTree = "<group>"; };
		BAE3FF201545B0BF00B938CC /* ZKItemCellText.h */ = {isa = PBXFileReference; fileEncoding = 4; lastKnownFileType = sourcecode.c.h; path = ZKItemCellText.h; sourceTree = "<group>"; };
		BAE3FF211545B0BF00B938CC /* ZKItemCellText.m */ = {isa = PBXFileReference; fileEncoding = 4; lastKnownFileType = sourcecode.c.objc; path = ZKItemCellText.m; sourceTree = "<group>"; };
		BAE6D6011543C445003DEC3C /* zoneke.app */ = {isa = PBXFileReference; explicitFileType = wrapper.application; includeInIndex = 0; path = zoneke.app; sourceTree = BUILT_PRODUCTS_DIR; };
		BAE6D6051543C445003DEC3C /* UIKit.framework */ = {isa = PBXFileReference; lastKnownFileType = wrapper.framework; name = UIKit.framework; path = System/Library/Frameworks/UIKit.framework; sourceTree = SDKROOT; };
		BAE6D6071543C445003DEC3C /* Foundation.framework */ = {isa = PBXFileReference; lastKnownFileType = wrapper.framework; name = Foundation.framework; path = System/Library/Frameworks/Foundation.framework; sourceTree = SDKROOT; };
		BAE6D6091543C445003DEC3C /* CoreGraphics.framework */ = {isa = PBXFileReference; lastKnownFileType = wrapper.framework; name = CoreGraphics.framework; path = System/Library/Frameworks/CoreGraphics.framework; sourceTree = SDKROOT; };
		BAE6D60D1543C445003DEC3C /* zoneke-Info.plist */ = {isa = PBXFileReference; lastKnownFileType = text.plist.xml; path = "zoneke-Info.plist"; sourceTree = "<group>"; };
		BAE6D60F1543C445003DEC3C /* en */ = {isa = PBXFileReference; lastKnownFileType = text.plist.strings; name = en; path = en.lproj/InfoPlist.strings; sourceTree = "<group>"; };
		BAE6D6111543C445003DEC3C /* main.m */ = {isa = PBXFileReference; lastKnownFileType = sourcecode.c.objc; path = main.m; sourceTree = "<group>"; };
		BAE6D6131543C445003DEC3C /* zoneke-Prefix.pch */ = {isa = PBXFileReference; lastKnownFileType = sourcecode.c.h; path = "zoneke-Prefix.pch"; sourceTree = "<group>"; };
		BAE6D6141543C445003DEC3C /* AppDelegate.h */ = {isa = PBXFileReference; lastKnownFileType = sourcecode.c.h; path = AppDelegate.h; sourceTree = "<group>"; };
		BAE6D6151543C445003DEC3C /* AppDelegate.m */ = {isa = PBXFileReference; lastKnownFileType = sourcecode.c.objc; path = AppDelegate.m; sourceTree = "<group>"; };
		BAE6D6221543CBFA003DEC3C /* ZKMainViewController.h */ = {isa = PBXFileReference; fileEncoding = 4; lastKnownFileType = sourcecode.c.h; path = ZKMainViewController.h; sourceTree = "<group>"; };
		BAE6D6231543CBFA003DEC3C /* ZKMainViewController.m */ = {isa = PBXFileReference; fileEncoding = 4; lastKnownFileType = sourcecode.c.objc; path = ZKMainViewController.m; sourceTree = "<group>"; };
		BAE7BB9C1545452900D054D0 /* ZKExploreViewController.h */ = {isa = PBXFileReference; fileEncoding = 4; lastKnownFileType = sourcecode.c.h; path = ZKExploreViewController.h; sourceTree = "<group>"; };
		BAE7BB9D1545452900D054D0 /* ZKExploreViewController.m */ = {isa = PBXFileReference; fileEncoding = 4; lastKnownFileType = sourcecode.c.objc; path = ZKExploreViewController.m; sourceTree = "<group>"; };
		BAEE872E15610515001E036D /* ZKDialogCell.h */ = {isa = PBXFileReference; fileEncoding = 4; lastKnownFileType = sourcecode.c.h; path = ZKDialogCell.h; sourceTree = "<group>"; };
		BAEE872F15610515001E036D /* ZKDialogCell.m */ = {isa = PBXFileReference; fileEncoding = 4; lastKnownFileType = sourcecode.c.objc; path = ZKDialogCell.m; sourceTree = "<group>"; };
		BAEE87321561152D001E036D /* NSString+lines.h */ = {isa = PBXFileReference; fileEncoding = 4; lastKnownFileType = sourcecode.c.h; name = "NSString+lines.h"; path = "../../../britain/Britain/Additions/NSString+lines.h"; sourceTree = "<group>"; };
		BAEE87331561152D001E036D /* NSString+lines.m */ = {isa = PBXFileReference; fileEncoding = 4; lastKnownFileType = sourcecode.c.objc; name = "NSString+lines.m"; path = "../../../britain/Britain/Additions/NSString+lines.m"; sourceTree = "<group>"; };
		BAEE873515611641001E036D /* NSString+composing.h */ = {isa = PBXFileReference; fileEncoding = 4; lastKnownFileType = sourcecode.c.h; path = "NSString+composing.h"; sourceTree = "<group>"; };
		BAEE873615611641001E036D /* NSString+composing.m */ = {isa = PBXFileReference; fileEncoding = 4; lastKnownFileType = sourcecode.c.objc; path = "NSString+composing.m"; sourceTree = "<group>"; };
		BAEE873815612494001E036D /* Composing.h */ = {isa = PBXFileReference; fileEncoding = 4; lastKnownFileType = sourcecode.c.h; path = Composing.h; sourceTree = "<group>"; };
		BAEE873915612494001E036D /* Composing.m */ = {isa = PBXFileReference; fileEncoding = 4; lastKnownFileType = sourcecode.c.objc; path = Composing.m; sourceTree = "<group>"; };
/* End PBXFileReference section */

/* Begin PBXFrameworksBuildPhase section */
		BAE6D5FE1543C445003DEC3C /* Frameworks */ = {
			isa = PBXFrameworksBuildPhase;
			buildActionMask = 2147483647;
			files = (
				BAACFFAB154445D7002CB164 /* MapKit.framework in Frameworks */,
				BAE6D6061543C445003DEC3C /* UIKit.framework in Frameworks */,
				BAE6D6081543C445003DEC3C /* Foundation.framework in Frameworks */,
				BAE6D60A1543C445003DEC3C /* CoreGraphics.framework in Frameworks */,
			);
			runOnlyForDeploymentPostprocessing = 0;
		};
/* End PBXFrameworksBuildPhase section */

/* Begin PBXGroup section */
		BA6188AC1552546A00EFB67E /* MBStatusOverLay */ = {
			isa = PBXGroup;
			children = (
				BA6188AE1552548C00EFB67E /* MTStatusBarOverlay.h */,
				BA6188AF1552548C00EFB67E /* MTStatusBarOverlay.m */,
			);
			name = MBStatusOverLay;
			sourceTree = "<group>";
		};
		BA6188B51552614700EFB67E /* CMPopView */ = {
			isa = PBXGroup;
			children = (
				BA6188B61552616400EFB67E /* CMPopTipView.h */,
				BA6188B71552616400EFB67E /* CMPopTipView.m */,
			);
			name = CMPopView;
			sourceTree = "<group>";
		};
		BA8210BB15523EBB00C4712E /* Lib */ = {
			isa = PBXGroup;
			children = (
				BA6188B51552614700EFB67E /* CMPopView */,
				BA6188AC1552546A00EFB67E /* MBStatusOverLay */,
			);
			name = Lib;
			sourceTree = "<group>";
		};
		BAACFF9B15443B66002CB164 /* views */ = {
			isa = PBXGroup;
			children = (
				BAACFFA015443C6A002CB164 /* ZKItemCell.h */,
				BAACFFA115443C6A002CB164 /* ZKItemCell.m */,
				BAE3FF201545B0BF00B938CC /* ZKItemCellText.h */,
				BAE3FF211545B0BF00B938CC /* ZKItemCellText.m */,
				BA61888D1552450F00EFB67E /* ZKLoadMoreCell.h */,
				BA61888E1552450F00EFB67E /* ZKLoadMoreCell.m */,
				BAEE872E15610515001E036D /* ZKDialogCell.h */,
				BAEE872F15610515001E036D /* ZKDialogCell.m */,
			);
			name = views;
			sourceTree = "<group>";
		};
		BAACFFA615444454002CB164 /* ZKMap */ = {
			isa = PBXGroup;
			children = (
				BAACFFA71544448F002CB164 /* ZKMapViewController.h */,
				BAACFFA81544448F002CB164 /* ZKMapViewController.m */,
			);
			name = ZKMap;
			sourceTree = "<group>";
		};
		BAACFFAC1544554A002CB164 /* ZKPublish */ = {
			isa = PBXGroup;
			children = (
				BAACFFAD154455D6002CB164 /* ZKPublishViewController.h */,
				BAACFFAE154455D6002CB164 /* ZKPublishViewController.m */,
			);
			name = ZKPublish;
			sourceTree = "<group>";
		};
		BAE3FF1415459AAC00B938CC /* Resouces */ = {
			isa = PBXGroup;
			children = (
				BAE3FF1615459AD600B938CC /* bg-addbutton.png */,
			);
			name = Resouces;
			sourceTree = "<group>";
		};
		BAE3FF181545A14300B938CC /* ZKUtils */ = {
			isa = PBXGroup;
			children = (
				BAEE87321561152D001E036D /* NSString+lines.h */,
				BAEE87331561152D001E036D /* NSString+lines.m */,
				BAE3FF191545A1A300B938CC /* UIView+UIView_SeeSubviews.h */,
				BAE3FF1A1545A1A300B938CC /* UIView+UIView_SeeSubviews.m */,
				BAEE873515611641001E036D /* NSString+composing.h */,
				BAEE873615611641001E036D /* NSString+composing.m */,
				BAEE873815612494001E036D /* Composing.h */,
				BAEE873915612494001E036D /* Composing.m */,
			);
			name = ZKUtils;
			sourceTree = "<group>";
		};
		BAE6D5F61543C445003DEC3C = {
			isa = PBXGroup;
			children = (
				BAACFFAA154445D7002CB164 /* MapKit.framework */,
				BAE6D60B1543C445003DEC3C /* zoneke */,
				BAE6D6041543C445003DEC3C /* Frameworks */,
				BAE6D6021543C445003DEC3C /* Products */,
			);
			sourceTree = "<group>";
		};
		BAE6D6021543C445003DEC3C /* Products */ = {
			isa = PBXGroup;
			children = (
				BAE6D6011543C445003DEC3C /* zoneke.app */,
			);
			name = Products;
			sourceTree = "<group>";
		};
		BAE6D6041543C445003DEC3C /* Frameworks */ = {
			isa = PBXGroup;
			children = (
				BAE6D6051543C445003DEC3C /* UIKit.framework */,
				BAE6D6071543C445003DEC3C /* Foundation.framework */,
				BAE6D6091543C445003DEC3C /* CoreGraphics.framework */,
			);
			name = Frameworks;
			sourceTree = "<group>";
		};
		BAE6D60B1543C445003DEC3C /* zoneke */ = {
			isa = PBXGroup;
			children = (
				BA8210BB15523EBB00C4712E /* Lib */,
				BAE3FF181545A14300B938CC /* ZKUtils */,
				BAE3FF1415459AAC00B938CC /* Resouces */,
				BAE7BB9A1545450B00D054D0 /* ZKExplore */,
				BAACFFAC1544554A002CB164 /* ZKPublish */,
				BAACFFA615444454002CB164 /* ZKMap */,
				BAE6D6201543CB93003DEC3C /* ZKMain */,
				BAE6D6141543C445003DEC3C /* AppDelegate.h */,
				BAE6D6151543C445003DEC3C /* AppDelegate.m */,
				BAE6D60C1543C445003DEC3C /* Supporting Files */,
			);
			path = zoneke;
			sourceTree = "<group>";
		};
		BAE6D60C1543C445003DEC3C /* Supporting Files */ = {
			isa = PBXGroup;
			children = (
				BAE6D60D1543C445003DEC3C /* zoneke-Info.plist */,
				BAE6D60E1543C445003DEC3C /* InfoPlist.strings */,
				BAE6D6111543C445003DEC3C /* main.m */,
				BAE6D6131543C445003DEC3C /* zoneke-Prefix.pch */,
			);
			name = "Supporting Files";
			sourceTree = "<group>";
		};
		BAE6D6201543CB93003DEC3C /* ZKMain */ = {
			isa = PBXGroup;
			children = (
				BAACFF9B15443B66002CB164 /* views */,
				BAE6D6221543CBFA003DEC3C /* ZKMainViewController.h */,
				BAE6D6231543CBFA003DEC3C /* ZKMainViewController.m */,
			);
			name = ZKMain;
			sourceTree = "<group>";
		};
		BAE7BB9A1545450B00D054D0 /* ZKExplore */ = {
			isa = PBXGroup;
			children = (
				BAE7BB9C1545452900D054D0 /* ZKExploreViewController.h */,
				BAE7BB9D1545452900D054D0 /* ZKExploreViewController.m */,
			);
			name = ZKExplore;
			sourceTree = "<group>";
		};
/* End PBXGroup section */

/* Begin PBXNativeTarget section */
		BAE6D6001543C445003DEC3C /* zoneke */ = {
			isa = PBXNativeTarget;
			buildConfigurationList = BAE6D6191543C445003DEC3C /* Build configuration list for PBXNativeTarget "zoneke" */;
			buildPhases = (
				BAE6D5FD1543C445003DEC3C /* Sources */,
				BAE6D5FE1543C445003DEC3C /* Frameworks */,
				BAE6D5FF1543C445003DEC3C /* Resources */,
			);
			buildRules = (
			);
			dependencies = (
			);
			name = zoneke;
			productName = zoneke;
			productReference = BAE6D6011543C445003DEC3C /* zoneke.app */;
			productType = "com.apple.product-type.application";
		};
/* End PBXNativeTarget section */

/* Begin PBXProject section */
		BAE6D5F81543C445003DEC3C /* Project object */ = {
			isa = PBXProject;
			attributes = {
				LastUpgradeCheck = 0420;
			};
			buildConfigurationList = BAE6D5FB1543C445003DEC3C /* Build configuration list for PBXProject "zoneke" */;
			compatibilityVersion = "Xcode 3.2";
			developmentRegion = English;
			hasScannedForEncodings = 0;
			knownRegions = (
				en,
			);
			mainGroup = BAE6D5F61543C445003DEC3C;
			productRefGroup = BAE6D6021543C445003DEC3C /* Products */;
			projectDirPath = "";
			projectRoot = "";
			targets = (
				BAE6D6001543C445003DEC3C /* zoneke */,
			);
		};
/* End PBXProject section */

/* Begin PBXResourcesBuildPhase section */
		BAE6D5FF1543C445003DEC3C /* Resources */ = {
			isa = PBXResourcesBuildPhase;
			buildActionMask = 2147483647;
			files = (
				BAE6D6101543C445003DEC3C /* InfoPlist.strings in Resources */,
				BAE3FF1715459AD600B938CC /* bg-addbutton.png in Resources */,
			);
			runOnlyForDeploymentPostprocessing = 0;
		};
/* End PBXResourcesBuildPhase section */

/* Begin PBXSourcesBuildPhase section */
		BAE6D5FD1543C445003DEC3C /* Sources */ = {
			isa = PBXSourcesBuildPhase;
			buildActionMask = 2147483647;
			files = (
				BAE6D6121543C445003DEC3C /* main.m in Sources */,
				BAE6D6161543C445003DEC3C /* AppDelegate.m in Sources */,
				BAE6D6241543CBFA003DEC3C /* ZKMainViewController.m in Sources */,
				BAACFFA215443C6A002CB164 /* ZKItemCell.m in Sources */,
				BAACFFA91544448F002CB164 /* ZKMapViewController.m in Sources */,
				BAACFFAF154455D6002CB164 /* ZKPublishViewController.m in Sources */,
				BAE7BB9E1545452900D054D0 /* ZKExploreViewController.m in Sources */,
				BAE3FF1B1545A1A300B938CC /* UIView+UIView_SeeSubviews.m in Sources */,
				BAE3FF221545B0BF00B938CC /* ZKItemCellText.m in Sources */,
				BA61888F1552450F00EFB67E /* ZKLoadMoreCell.m in Sources */,
				BA6188B01552548C00EFB67E /* MTStatusBarOverlay.m in Sources */,
				BA6188B81552616400EFB67E /* CMPopTipView.m in Sources */,
				BAEE873015610515001E036D /* ZKDialogCell.m in Sources */,
				BAEE87341561152D001E036D /* NSString+lines.m in Sources */,
				BAEE873715611641001E036D /* NSString+composing.m in Sources */,
				BAEE873A15612494001E036D /* Composing.m in Sources */,
			);
			runOnlyForDeploymentPostprocessing = 0;
		};
/* End PBXSourcesBuildPhase section */

/* Begin PBXVariantGroup section */
		BAE6D60E1543C445003DEC3C /* InfoPlist.strings */ = {
			isa = PBXVariantGroup;
			children = (
				BAE6D60F1543C445003DEC3C /* en */,
			);
			name = InfoPlist.strings;
			sourceTree = "<group>";
		};
/* End PBXVariantGroup section */

/* Begin XCBuildConfiguration section */
		BAE6D6171543C445003DEC3C /* Debug */ = {
			isa = XCBuildConfiguration;
			buildSettings = {
				ALWAYS_SEARCH_USER_PATHS = NO;
				ARCHS = "$(ARCHS_STANDARD_32_BIT)";
				"CODE_SIGN_IDENTITY[sdk=iphoneos*]" = "iPhone Developer";
				COPY_PHASE_STRIP = NO;
				GCC_C_LANGUAGE_STANDARD = gnu99;
				GCC_DYNAMIC_NO_PIC = NO;
				GCC_OPTIMIZATION_LEVEL = 0;
				GCC_PREPROCESSOR_DEFINITIONS = (
					"DEBUG=1",
					"$(inherited)",
				);
				GCC_SYMBOLS_PRIVATE_EXTERN = NO;
				GCC_VERSION = com.apple.compilers.llvm.clang.1_0;
				GCC_WARN_ABOUT_MISSING_PROTOTYPES = YES;
				GCC_WARN_ABOUT_RETURN_TYPE = YES;
				GCC_WARN_UNUSED_VARIABLE = YES;
				IPHONEOS_DEPLOYMENT_TARGET = 5.0;
				SDKROOT = iphoneos;
			};
			name = Debug;
		};
		BAE6D6181543C445003DEC3C /* Release */ = {
			isa = XCBuildConfiguration;
			buildSettings = {
				ALWAYS_SEARCH_USER_PATHS = NO;
				ARCHS = "$(ARCHS_STANDARD_32_BIT)";
				"CODE_SIGN_IDENTITY[sdk=iphoneos*]" = "iPhone Developer";
				COPY_PHASE_STRIP = YES;
				GCC_C_LANGUAGE_STANDARD = gnu99;
				GCC_VERSION = com.apple.compilers.llvm.clang.1_0;
				GCC_WARN_ABOUT_MISSING_PROTOTYPES = YES;
				GCC_WARN_ABOUT_RETURN_TYPE = YES;
				GCC_WARN_UNUSED_VARIABLE = YES;
				IPHONEOS_DEPLOYMENT_TARGET = 5.0;
				OTHER_CFLAGS = "-DNS_BLOCK_ASSERTIONS=1";
				SDKROOT = iphoneos;
				VALIDATE_PRODUCT = YES;
			};
			name = Release;
		};
		BAE6D61A1543C445003DEC3C /* Debug */ = {
			isa = XCBuildConfiguration;
			buildSettings = {
				GCC_PRECOMPILE_PREFIX_HEADER = YES;
				GCC_PREFIX_HEADER = "zoneke/zoneke-Prefix.pch";
				INFOPLIST_FILE = "zoneke/zoneke-Info.plist";
				PRODUCT_NAME = "$(TARGET_NAME)";
				WRAPPER_EXTENSION = app;
			};
			name = Debug;
		};
		BAE6D61B1543C445003DEC3C /* Release */ = {
			isa = XCBuildConfiguration;
			buildSettings = {
				GCC_PRECOMPILE_PREFIX_HEADER = YES;
				GCC_PREFIX_HEADER = "zoneke/zoneke-Prefix.pch";
				INFOPLIST_FILE = "zoneke/zoneke-Info.plist";
				PRODUCT_NAME = "$(TARGET_NAME)";
				WRAPPER_EXTENSION = app;
			};
			name = Release;
		};
/* End XCBuildConfiguration section */

/* Begin XCConfigurationList section */
		BAE6D5FB1543C445003DEC3C /* Build configuration list for PBXProject "zoneke" */ = {
			isa = XCConfigurationList;
			buildConfigurations = (
				BAE6D6171543C445003DEC3C /* Debug */,
				BAE6D6181543C445003DEC3C /* Release */,
			);
			defaultConfigurationIsVisible = 0;
			defaultConfigurationName = Release;
		};
		BAE6D6191543C445003DEC3C /* Build configuration list for PBXNativeTarget "zoneke" */ = {
			isa = XCConfigurationList;
			buildConfigurations = (
				BAE6D61A1543C445003DEC3C /* Debug */,
				BAE6D61B1543C445003DEC3C /* Release */,
			);
			defaultConfigurationIsVisible = 0;
			defaultConfigurationName = Release;
		};
/* End XCConfigurationList section */
	};
	rootObject = BAE6D5F81543C445003DEC3C /* Project object */;
}
